
Microsoft Visual Studio Solution File, Format Version 12.00
# Visual Studio Version 17
VisualStudioVersion = 17.13.35919.96
MinimumVisualStudioVersion = 10.0.40219.1
Project("{2150E333-8FDC-42A3-9474-1A3956D46DE8}") = "Presentation", "Presentation", "{02EA681E-C7D8-13C7-8484-4AC65E1B71E8}"
EndProject
Project("{2150E333-8FDC-42A3-9474-1A3956D46DE8}") = "Core", "Core", "{5D7844A1-EF73-45F5-A1FE-F48606476121}"
EndProject
Project("{2150E333-8FDC-42A3-9474-1A3956D46DE8}") = "Domain", "Domain", "{6EEEB7BC-0B89-49F4-935F-D12334EF0DD8}"
EndProject
Project("{FAE04EC0-301F-11D3-BF4B-00C04F79EFBC}") = "CollectionManager.Domain", "CollectionManager\Core\Domain\CollectionManager.Domain\CollectionManager.Domain.csproj", "{A0827137-EE47-AC29-2639-C5EE0E4B39B4}"
EndProject
Project("{FAE04EC0-301F-11D3-BF4B-00C04F79EFBC}") = "CollectionManager.Web", "CollectionManager\Presentation\CollectionManager.Web\CollectionManager.Web.csproj", "{A5F17E41-DEEA-4113-B0FD-8D558DAB6ACD}"
EndProject
Project("{2150E333-8FDC-42A3-9474-1A3956D46DE8}") = "Infrastructure", "Infrastructure", "{3BBE9A6C-19D9-4956-AE40-90C20B26A4CC}"
EndProject
Project("{2150E333-8FDC-42A3-9474-1A3956D46DE8}") = "Persistence", "Persistence", "{5809AC9B-7106-4163-A53C-AC3CA6050AEC}"
EndProject
Project("{FAE04EC0-301F-11D3-BF4B-00C04F79EFBC}") = "CollectionManager.SQLServer", "CollectionManager\Infrastructure\Persistence\CollectionManager.SQLServer\CollectionManager.SQLServer.csproj", "{80918A07-9E1D-4CCA-BCFE-D9CB6462A988}"
EndProject
Project("{2150E333-8FDC-42A3-9474-1A3956D46DE8}") = "Tests", "Tests", "{93388B53-A39F-4B69-B8CA-D45DF05CF3D3}"
EndProject
Project("{2150E333-8FDC-42A3-9474-1A3956D46DE8}") = "Core", "Core", "{3C76B5C8-17BC-45EF-9C55-17CAB631C5D7}"
EndProject
Project("{2150E333-8FDC-42A3-9474-1A3956D46DE8}") = "Application", "Application", "{1EE5D3C8-31D1-4251-BF4D-B7B98C437287}"
EndProject
Project("{2150E333-8FDC-42A3-9474-1A3956D46DE8}") = "Application", "Application", "{7BCF60DB-6773-45CF-8666-D496620278FC}"
EndProject
Project("{FAE04EC0-301F-11D3-BF4B-00C04F79EFBC}") = "CollectionManager.Logic", "CollectionManager\Core\Application\CollectionManager.Logic\CollectionManager.Logic.csproj", "{F6745138-7A1E-43C4-B7D0-CAEE6483A5A5}"
EndProject
Project("{FAE04EC0-301F-11D3-BF4B-00C04F79EFBC}") = "CollectionManager.Logic.Tests.Unit", "CollectionManager\Tests\Core\Application\CollectionManager.Logic.Tests.Unit\CollectionManager.Logic.Tests.Unit.csproj", "{2656C8FC-89B3-4B80-BC40-4B95D25DFFEB}"
EndProject
Global
	GlobalSection(SolutionConfigurationPlatforms) = preSolution
		Debug|Any CPU = Debug|Any CPU
		Release|Any CPU = Release|Any CPU
	EndGlobalSection
	GlobalSection(ProjectConfigurationPlatforms) = postSolution
		{A0827137-EE47-AC29-2639-C5EE0E4B39B4}.Debug|Any CPU.ActiveCfg = Debug|Any CPU
		{A0827137-EE47-AC29-2639-C5EE0E4B39B4}.Debug|Any CPU.Build.0 = Debug|Any CPU
		{A0827137-EE47-AC29-2639-C5EE0E4B39B4}.Release|Any CPU.ActiveCfg = Release|Any CPU
		{A0827137-EE47-AC29-2639-C5EE0E4B39B4}.Release|Any CPU.Build.0 = Release|Any CPU
		{A5F17E41-DEEA-4113-B0FD-8D558DAB6ACD}.Debug|Any CPU.ActiveCfg = Debug|Any CPU
		{A5F17E41-DEEA-4113-B0FD-8D558DAB6ACD}.Debug|Any CPU.Build.0 = Debug|Any CPU
		{A5F17E41-DEEA-4113-B0FD-8D558DAB6ACD}.Release|Any CPU.ActiveCfg = Release|Any CPU
		{A5F17E41-DEEA-4113-B0FD-8D558DAB6ACD}.Release|Any CPU.Build.0 = Release|Any CPU
		{80918A07-9E1D-4CCA-BCFE-D9CB6462A988}.Debug|Any CPU.ActiveCfg = Debug|Any CPU
		{80918A07-9E1D-4CCA-BCFE-D9CB6462A988}.Debug|Any CPU.Build.0 = Debug|Any CPU
		{80918A07-9E1D-4CCA-BCFE-D9CB6462A988}.Release|Any CPU.ActiveCfg = Release|Any CPU
		{80918A07-9E1D-4CCA-BCFE-D9CB6462A988}.Release|Any CPU.Build.0 = Release|Any CPU
		{F6745138-7A1E-43C4-B7D0-CAEE6483A5A5}.Debug|Any CPU.ActiveCfg = Debug|Any CPU
		{F6745138-7A1E-43C4-B7D0-CAEE6483A5A5}.Debug|Any CPU.Build.0 = Debug|Any CPU
		{F6745138-7A1E-43C4-B7D0-CAEE6483A5A5}.Release|Any CPU.ActiveCfg = Release|Any CPU
		{F6745138-7A1E-43C4-B7D0-CAEE6483A5A5}.Release|Any CPU.Build.0 = Release|Any CPU
		{2656C8FC-89B3-4B80-BC40-4B95D25DFFEB}.Debug|Any CPU.ActiveCfg = Debug|Any CPU
		{2656C8FC-89B3-4B80-BC40-4B95D25DFFEB}.Debug|Any CPU.Build.0 = Debug|Any CPU
		{2656C8FC-89B3-4B80-BC40-4B95D25DFFEB}.Release|Any CPU.ActiveCfg = Release|Any CPU
		{2656C8FC-89B3-4B80-BC40-4B95D25DFFEB}.Release|Any CPU.Build.0 = Release|Any CPU
	EndGlobalSection
	GlobalSection(SolutionProperties) = preSolution
		HideSolutionNode = FALSE
	EndGlobalSection
	GlobalSection(NestedProjects) = preSolution
		{6EEEB7BC-0B89-49F4-935F-D12334EF0DD8} = {5D7844A1-EF73-45F5-A1FE-F48606476121}
		{A0827137-EE47-AC29-2639-C5EE0E4B39B4} = {6EEEB7BC-0B89-49F4-935F-D12334EF0DD8}
		{A5F17E41-DEEA-4113-B0FD-8D558DAB6ACD} = {02EA681E-C7D8-13C7-8484-4AC65E1B71E8}
		{5809AC9B-7106-4163-A53C-AC3CA6050AEC} = {3BBE9A6C-19D9-4956-AE40-90C20B26A4CC}
		{80918A07-9E1D-4CCA-BCFE-D9CB6462A988} = {5809AC9B-7106-4163-A53C-AC3CA6050AEC}
		{3C76B5C8-17BC-45EF-9C55-17CAB631C5D7} = {93388B53-A39F-4B69-B8CA-D45DF05CF3D3}
		{1EE5D3C8-31D1-4251-BF4D-B7B98C437287} = {3C76B5C8-17BC-45EF-9C55-17CAB631C5D7}
		{7BCF60DB-6773-45CF-8666-D496620278FC} = {5D7844A1-EF73-45F5-A1FE-F48606476121}
		{F6745138-7A1E-43C4-B7D0-CAEE6483A5A5} = {7BCF60DB-6773-45CF-8666-D496620278FC}
		{2656C8FC-89B3-4B80-BC40-4B95D25DFFEB} = {1EE5D3C8-31D1-4251-BF4D-B7B98C437287}
	EndGlobalSection
	GlobalSection(ExtensibilityGlobals) = postSolution
		SolutionGuid = {97FA6049-7EE5-4D9F-9865-94A8FF56823A}
	EndGlobalSection
EndGlobal
